
Microsoft Visual Studio Solution File, Format Version 12.00
# Visual Studio Version 16
VisualStudioVersion = 16.0.30114.105
MinimumVisualStudioVersion = 10.0.40219.1
Project("{FAE04EC0-301F-11D3-BF4B-00C04F79EFBC}") = "RockPaperAndScissors", "RockPaperAndScissors\RockPaperAndScissors.csproj", "{575B0923-15D2-45E1-A0F6-34CA18E85732}"
EndProject
Global
	GlobalSection(SolutionConfigurationPlatforms) = preSolution
		Debug|Any CPU = Debug|Any CPU
		Release|Any CPU = Release|Any CPU
	EndGlobalSection
	GlobalSection(ProjectConfigurationPlatforms) = postSolution
		{575B0923-15D2-45E1-A0F6-34CA18E85732}.Debug|Any CPU.ActiveCfg = Debug|Any CPU
		{575B0923-15D2-45E1-A0F6-34CA18E85732}.Debug|Any CPU.Build.0 = Debug|Any CPU
		{575B0923-15D2-45E1-A0F6-34CA18E85732}.Release|Any CPU.ActiveCfg = Release|Any CPU
		{575B0923-15D2-45E1-A0F6-34CA18E85732}.Release|Any CPU.Build.0 = Release|Any CPU
	EndGlobalSection
	GlobalSection(SolutionProperties) = preSolution
		HideSolutionNode = FALSE
	EndGlobalSection
	GlobalSection(ExtensibilityGlobals) = postSolution
		SolutionGuid = {D44FDD2B-1591-4651-B6D8-A05120437186}
	EndGlobalSection
EndGlobal
